// !$*UTF8*$!
{
	archiveVersion = 1;
	classes = {
	};
	objectVersion = 46;
	objects = {

/* Begin PBXBuildFile section */
		83FBB3AE1A7471F500B388BB /* main.cpp in Sources */ = {isa = PBXBuildFile; fileRef = 83FBB3AD1A7471F500B388BB /* main.cpp */; };
/* End PBXBuildFile section */

/* Begin PBXCopyFilesBuildPhase section */
		83FBB3A81A7471F500B388BB /* CopyFiles */ = {
			isa = PBXCopyFilesBuildPhase;
			buildActionMask = 2147483647;
			dstPath = /usr/share/man/man1/;
			dstSubfolderSpec = 0;
			files = (
			);
			runOnlyForDeploymentPostprocessing = 1;
		};
/* End PBXCopyFilesBuildPhase section */

/* Begin PBXFileReference section */
		83FBB3AA1A7471F500B388BB /* k_shortest_threshold */ = {isa = PBXFileReference; explicitFileType = "compiled.mach-o.executable"; includeInIndex = 0; path = k_shortest_threshold; sourceTree = BUILT_PRODUCTS_DIR; };
		83FBB3AD1A7471F500B388BB /* main.cpp */ = {isa = PBXFileReference; lastKnownFileType = sourcecode.cpp.cpp; path = main.cpp; sourceTree = "<group>"; };
		83FBB3B41A75A66200B388BB /* Graph.h */ = {isa = PBXFileReference; lastKnownFileType = sourcecode.c.h; path = Graph.h; sourceTree = "<group>"; };
		83FBB3B51A7AD98700B388BB /* Edge_map.h */ = {isa = PBXFileReference; lastKnownFileType = sourcecode.c.h; path = Edge_map.h; sourceTree = "<group>"; };
		83FBB3B61A7ADE5C00B388BB /* Path.h */ = {isa = PBXFileReference; lastKnownFileType = sourcecode.c.h; path = Path.h; sourceTree = "<group>"; };
		83FBB3B71A7ADF7900B388BB /* Reversion_map.h */ = {isa = PBXFileReference; lastKnownFileType = sourcecode.c.h; path = Reversion_map.h; sourceTree = "<group>"; };
/* End PBXFileReference section */

/* Begin PBXFrameworksBuildPhase section */
		83FBB3A71A7471F500B388BB /* Frameworks */ = {
			isa = PBXFrameworksBuildPhase;
			buildActionMask = 2147483647;
			files = (
			);
			runOnlyForDeploymentPostprocessing = 0;
		};
/* End PBXFrameworksBuildPhase section */

/* Begin PBXGroup section */
		83FBB3A11A7471F500B388BB = {
			isa = PBXGroup;
			children = (
				83FBB3AC1A7471F500B388BB /* k_shortest_threshold */,
				83FBB3AB1A7471F500B388BB /* Products */,
			);
			sourceTree = "<group>";
		};
		83FBB3AB1A7471F500B388BB /* Products */ = {
			isa = PBXGroup;
			children = (
				83FBB3AA1A7471F500B388BB /* k_shortest_threshold */,
			);
			name = Products;
			sourceTree = "<group>";
		};
		83FBB3AC1A7471F500B388BB /* k_shortest_threshold */ = {
			isa = PBXGroup;
			children = (
				83FBB3AD1A7471F500B388BB /* main.cpp */,
				83FBB3B41A75A66200B388BB /* Graph.h */,
				83FBB3B51A7AD98700B388BB /* Edge_map.h */,
				83FBB3B61A7ADE5C00B388BB /* Path.h */,
				83FBB3B71A7ADF7900B388BB /* Reversion_map.h */,
			);
			path = k_shortest_threshold;
			sourceTree = "<group>";
		};
/* End PBXGroup section */

/* Begin PBXNativeTarget section */
		83FBB3A91A7471F500B388BB /* k_shortest_threshold */ = {
			isa = PBXNativeTarget;
			buildConfigurationList = 83FBB3B11A7471F500B388BB /* Build configuration list for PBXNativeTarget "k_shortest_threshold" */;
			buildPhases = (
				83FBB3A61A7471F500B388BB /* Sources */,
				83FBB3A71A7471F500B388BB /* Frameworks */,
				83FBB3A81A7471F500B388BB /* CopyFiles */,
			);
			buildRules = (
			);
			dependencies = (
			);
			name = k_shortest_threshold;
			productName = k_shortest_threshold;
			productReference = 83FBB3AA1A7471F500B388BB /* k_shortest_threshold */;
			productType = "com.apple.product-type.tool";
		};
/* End PBXNativeTarget section */

/* Begin PBXProject section */
		83FBB3A21A7471F500B388BB /* Project object */ = {
			isa = PBXProject;
			attributes = {
				LastUpgradeCheck = 0610;
				ORGANIZATIONNAME = francois.belletti;
				TargetAttributes = {
					83FBB3A91A7471F500B388BB = {
						CreatedOnToolsVersion = 6.1.1;
					};
				};
			};
			buildConfigurationList = 83FBB3A51A7471F500B388BB /* Build configuration list for PBXProject "k_shortest_threshold" */;
			compatibilityVersion = "Xcode 3.2";
			developmentRegion = English;
			hasScannedForEncodings = 0;
			knownRegions = (
				en,
			);
			mainGroup = 83FBB3A11A7471F500B388BB;
			productRefGroup = 83FBB3AB1A7471F500B388BB /* Products */;
			projectDirPath = "";
			projectRoot = "";
			targets = (
				83FBB3A91A7471F500B388BB /* k_shortest_threshold */,
			);
		};
/* End PBXProject section */

/* Begin PBXSourcesBuildPhase section */
		83FBB3A61A7471F500B388BB /* Sources */ = {
			isa = PBXSourcesBuildPhase;
			buildActionMask = 2147483647;
			files = (
				83FBB3AE1A7471F500B388BB /* main.cpp in Sources */,
			);
			runOnlyForDeploymentPostprocessing = 0;
		};
/* End PBXSourcesBuildPhase section */

/* Begin XCBuildConfiguration section */
		83FBB3AF1A7471F500B388BB /* Debug */ = {
			isa = XCBuildConfiguration;
			buildSettings = {
				ALWAYS_SEARCH_USER_PATHS = NO;
				CLANG_CXX_LANGUAGE_STANDARD = "gnu++0x";
				CLANG_CXX_LIBRARY = "libc++";
				CLANG_ENABLE_MODULES = YES;
				CLANG_ENABLE_OBJC_ARC = YES;
				CLANG_WARN_BOOL_CONVERSION = YES;
				CLANG_WARN_CONSTANT_CONVERSION = YES;
				CLANG_WARN_DIRECT_OBJC_ISA_USAGE = YES_ERROR;
				CLANG_WARN_EMPTY_BODY = YES;
				CLANG_WARN_ENUM_CONVERSION = YES;
				CLANG_WARN_INT_CONVERSION = YES;
				CLANG_WARN_OBJC_ROOT_CLASS = YES_ERROR;
				CLANG_WARN_UNREACHABLE_CODE = YES;
				CLANG_WARN__DUPLICATE_METHOD_MATCH = YES;
				COPY_PHASE_STRIP = NO;
				ENABLE_STRICT_OBJC_MSGSEND = YES;
				GCC_C_LANGUAGE_STANDARD = gnu99;
				GCC_DYNAMIC_NO_PIC = NO;
				GCC_OPTIMIZATION_LEVEL = 0;
				GCC_PREPROCESSOR_DEFINITIONS = (
					"DEBUG=1",
					"$(inherited)",
				);
				GCC_SYMBOLS_PRIVATE_EXTERN = NO;
				GCC_WARN_64_TO_32_BIT_CONVERSION = YES;
				GCC_WARN_ABOUT_RETURN_TYPE = YES_ERROR;
				GCC_WARN_UNDECLARED_SELECTOR = YES;
				GCC_WARN_UNINITIALIZED_AUTOS = YES_AGGRESSIVE;
				GCC_WARN_UNUSED_FUNCTION = YES;
				GCC_WARN_UNUSED_VARIABLE = YES;
				MACOSX_DEPLOYMENT_TARGET = 10.10;
				MTL_ENABLE_DEBUG_INFO = YES;
				ONLY_ACTIVE_ARCH = YES;
				SDKROOT = macosx;
			};
			name = Debug;
		};
		83FBB3B01A7471F500B388BB /* Release */ = {
			isa = XCBuildConfiguration;
			buildSettings = {
				ALWAYS_SEARCH_USER_PATHS = NO;
				CLANG_CXX_LANGUAGE_STANDARD = "gnu++0x";
				CLANG_CXX_LIBRARY = "libc++";
				CLANG_ENABLE_MODULES = YES;
				CLANG_ENABLE_OBJC_ARC = YES;
				CLANG_WARN_BOOL_CONVERSION = YES;
				CLANG_WARN_CONSTANT_CONVERSION = YES;
				CLANG_WARN_DIRECT_OBJC_ISA_USAGE = YES_ERROR;
				CLANG_WARN_EMPTY_BODY = YES;
				CLANG_WARN_ENUM_CONVERSION = YES;
				CLANG_WARN_INT_CONVERSION = YES;
				CLANG_WARN_OBJC_ROOT_CLASS = YES_ERROR;
				CLANG_WARN_UNREACHABLE_CODE = YES;
				CLANG_WARN__DUPLICATE_METHOD_MATCH = YES;
				COPY_PHASE_STRIP = YES;
				DEBUG_INFORMATION_FORMAT = "dwarf-with-dsym";
				ENABLE_NS_ASSERTIONS = NO;
				ENABLE_STRICT_OBJC_MSGSEND = YES;
				GCC_C_LANGUAGE_STANDARD = gnu99;
				GCC_WARN_64_TO_32_BIT_CONVERSION = YES;
				GCC_WARN_ABOUT_RETURN_TYPE = YES_ERROR;
				GCC_WARN_UNDECLARED_SELECTOR = YES;
				GCC_WARN_UNINITIALIZED_AUTOS = YES_AGGRESSIVE;
				GCC_WARN_UNUSED_FUNCTION = YES;
				GCC_WARN_UNUSED_VARIABLE = YES;
				MACOSX_DEPLOYMENT_TARGET = 10.10;
				MTL_ENABLE_DEBUG_INFO = NO;
				SDKROOT = macosx;
			};
			name = Release;
		};
		83FBB3B21A7471F500B388BB /* Debug */ = {
			isa = XCBuildConfiguration;
			buildSettings = {
				PRODUCT_NAME = "$(TARGET_NAME)";
			};
			name = Debug;
		};
		83FBB3B31A7471F500B388BB /* Release */ = {
			isa = XCBuildConfiguration;
			buildSettings = {
				PRODUCT_NAME = "$(TARGET_NAME)";
			};
			name = Release;
		};
/* End XCBuildConfiguration section */

/* Begin XCConfigurationList section */
		83FBB3A51A7471F500B388BB /* Build configuration list for PBXProject "k_shortest_threshold" */ = {
			isa = XCConfigurationList;
			buildConfigurations = (
				83FBB3AF1A7471F500B388BB /* Debug */,
				83FBB3B01A7471F500B388BB /* Release */,
			);
			defaultConfigurationIsVisible = 0;
			defaultConfigurationName = Release;
		};
		83FBB3B11A7471F500B388BB /* Build configuration list for PBXNativeTarget "k_shortest_threshold" */ = {
			isa = XCConfigurationList;
			buildConfigurations = (
				83FBB3B21A7471F500B388BB /* Debug */,
				83FBB3B31A7471F500B388BB /* Release */,
			);
			defaultConfigurationIsVisible = 0;
			defaultConfigurationName = Release;
		};
/* End XCConfigurationList section */
	};
	rootObject = 83FBB3A21A7471F500B388BB /* Project object */;
}
